// !$*UTF8*$!
{
	archiveVersion = 1;
	classes = {
	};
	objectVersion = 77;
	objects = {

/* Begin PBXBuildFile section */
		152EA96962C90875D89665B8 /* ImgurAlbumMenuController.swift in Sources */ = {isa = PBXBuildFile; fileRef = 7ADFB0BC94A03A4F3A3B3EBB /* ImgurAlbumMenuController.swift */; };
		1EFA4A855960D08DBE86794F /* StatusItemMenuController.swift in Sources */ = {isa = PBXBuildFile; fileRef = A0F00C8AB4755CC4D7AEBF44 /* StatusItemMenuController.swift */; };
		2F5B73852C1BE437C53B3463 /* NSMenuExtension.swift in Sources */ = {isa = PBXBuildFile; fileRef = D9FD530C0BA684FD3B391855 /* NSMenuExtension.swift */; };
		406331D86152092258D69C5C /* ImgurMenuController.swift in Sources */ = {isa = PBXBuildFile; fileRef = 533A9EF2D58E442F57B99ADB /* ImgurMenuController.swift */; };
		59FD3CA9A9831F8270E8F1F5 /* UploadsMenuController.swift in Sources */ = {isa = PBXBuildFile; fileRef = 2DAE880DF3A9CDD2FF59AB55 /* UploadsMenuController.swift */; };
		8D096A2D8FC74C5DF70143DB /* StatusItemController.swift in Sources */ = {isa = PBXBuildFile; fileRef = FA1FF2A6420968C0CF692E03 /* StatusItemController.swift */; };
		8D4B77B35834EBEDF41DBB9B /* AppDelegate.swift in Sources */ = {isa = PBXBuildFile; fileRef = 74918C03F009201DC4B7D5BE /* AppDelegate.swift */; };
		B8A5B21516DDDD774647D726 /* MenuController.swift in Sources */ = {isa = PBXBuildFile; fileRef = A5E8728AEC768223B44A4910 /* MenuController.swift */; };
		CEE7C6322733B0F0D598B9F5 /* Assets.xcassets in Resources */ = {isa = PBXBuildFile; fileRef = BBB519DA8675A98A2E12A321 /* Assets.xcassets */; };
		F242D120926B44500D9DAD5B /* Sparkle in Frameworks */ = {isa = PBXBuildFile; productRef = 23D79D3ACA63F62007DF5834 /* Sparkle */; };
		F6C550F0AE933FA18AFB0B1B /* Core in Frameworks */ = {isa = PBXBuildFile; productRef = 12FC267EB13D37153FB2B995 /* Core */; };
		FC383F7162806BB52FD48FB6 /* MainMenu.xib in Resources */ = {isa = PBXBuildFile; fileRef = 8D6F995CD1FFC482ABCB51B4 /* MainMenu.xib */; };
/* End PBXBuildFile section */

/* Begin PBXFileReference section */
		2DAE880DF3A9CDD2FF59AB55 /* UploadsMenuController.swift */ = {isa = PBXFileReference; lastKnownFileType = sourcecode.swift; path = UploadsMenuController.swift; sourceTree = "<group>"; };
		41ECD8ABC2591056AD6EA3E6 /* mac2imgur.app */ = {isa = PBXFileReference; explicitFileType = wrapper.application; includeInIndex = 0; path = mac2imgur.app; sourceTree = BUILT_PRODUCTS_DIR; };
		533A9EF2D58E442F57B99ADB /* ImgurMenuController.swift */ = {isa = PBXFileReference; lastKnownFileType = sourcecode.swift; path = ImgurMenuController.swift; sourceTree = "<group>"; };
		74918C03F009201DC4B7D5BE /* AppDelegate.swift */ = {isa = PBXFileReference; lastKnownFileType = sourcecode.swift; path = AppDelegate.swift; sourceTree = "<group>"; };
		7ADFB0BC94A03A4F3A3B3EBB /* ImgurAlbumMenuController.swift */ = {isa = PBXFileReference; lastKnownFileType = sourcecode.swift; path = ImgurAlbumMenuController.swift; sourceTree = "<group>"; };
		92803AB09F298F33BF3120A4 /* mac2imgur */ = {isa = PBXFileReference; lastKnownFileType = folder; name = mac2imgur; path = .; sourceTree = SOURCE_ROOT; };
		A0F00C8AB4755CC4D7AEBF44 /* StatusItemMenuController.swift */ = {isa = PBXFileReference; lastKnownFileType = sourcecode.swift; path = StatusItemMenuController.swift; sourceTree = "<group>"; };
		A5E8728AEC768223B44A4910 /* MenuController.swift */ = {isa = PBXFileReference; lastKnownFileType = sourcecode.swift; path = MenuController.swift; sourceTree = "<group>"; };
		BBB519DA8675A98A2E12A321 /* Assets.xcassets */ = {isa = PBXFileReference; lastKnownFileType = folder.assetcatalog; path = Assets.xcassets; sourceTree = "<group>"; };
		D8B0608370CAF94C1F3A2913 /* Base */ = {isa = PBXFileReference; lastKnownFileType = file.xib; name = Base; path = Base.lproj/MainMenu.xib; sourceTree = "<group>"; };
		D9FD530C0BA684FD3B391855 /* NSMenuExtension.swift */ = {isa = PBXFileReference; lastKnownFileType = sourcecode.swift; path = NSMenuExtension.swift; sourceTree = "<group>"; };
		FA1FF2A6420968C0CF692E03 /* StatusItemController.swift */ = {isa = PBXFileReference; lastKnownFileType = sourcecode.swift; path = StatusItemController.swift; sourceTree = "<group>"; };
/* End PBXFileReference section */

/* Begin PBXFrameworksBuildPhase section */
		71B5C4455DBE141131A4EC56 /* Frameworks */ = {
			isa = PBXFrameworksBuildPhase;
			buildActionMask = 2147483647;
			files = (
				F242D120926B44500D9DAD5B /* Sparkle in Frameworks */,
				F6C550F0AE933FA18AFB0B1B /* Core in Frameworks */,
			);
			runOnlyForDeploymentPostprocessing = 0;
		};
/* End PBXFrameworksBuildPhase section */

/* Begin PBXGroup section */
		0F01C62FB2A65185D1B6CD28 /* Resources */ = {
			isa = PBXGroup;
			children = (
				BBB519DA8675A98A2E12A321 /* Assets.xcassets */,
				8D6F995CD1FFC482ABCB51B4 /* MainMenu.xib */,
			);
			path = Resources;
			sourceTree = "<group>";
		};
		10EBFBFEFF5495FBA4D5174F /* Menu */ = {
			isa = PBXGroup;
			children = (
				7ADFB0BC94A03A4F3A3B3EBB /* ImgurAlbumMenuController.swift */,
				533A9EF2D58E442F57B99ADB /* ImgurMenuController.swift */,
				A5E8728AEC768223B44A4910 /* MenuController.swift */,
				D9FD530C0BA684FD3B391855 /* NSMenuExtension.swift */,
				A0F00C8AB4755CC4D7AEBF44 /* StatusItemMenuController.swift */,
				2DAE880DF3A9CDD2FF59AB55 /* UploadsMenuController.swift */,
			);
			path = Menu;
			sourceTree = "<group>";
		};
		710EF551752DF12E9E76BC51 /* App */ = {
			isa = PBXGroup;
			children = (
				74918C03F009201DC4B7D5BE /* AppDelegate.swift */,
				10EBFBFEFF5495FBA4D5174F /* Menu */,
				0F01C62FB2A65185D1B6CD28 /* Resources */,
				CB6EF65F47D26BAAADE0306D /* Status */,
			);
			path = App;
			sourceTree = "<group>";
		};
		849B9D68B5DBEE72F5072244 /* Products */ = {
			isa = PBXGroup;
			children = (
				41ECD8ABC2591056AD6EA3E6 /* mac2imgur.app */,
			);
			name = Products;
			sourceTree = "<group>";
		};
		AF28DB597A3978225280D9F4 /* Packages */ = {
			isa = PBXGroup;
			children = (
				92803AB09F298F33BF3120A4 /* mac2imgur */,
			);
			name = Packages;
			sourceTree = "<group>";
		};
		B8F3C7D40BA06F4F196D4298 = {
			isa = PBXGroup;
			children = (
				710EF551752DF12E9E76BC51 /* App */,
				AF28DB597A3978225280D9F4 /* Packages */,
				849B9D68B5DBEE72F5072244 /* Products */,
			);
			sourceTree = "<group>";
		};
		CB6EF65F47D26BAAADE0306D /* Status */ = {
			isa = PBXGroup;
			children = (
				FA1FF2A6420968C0CF692E03 /* StatusItemController.swift */,
			);
			path = Status;
			sourceTree = "<group>";
		};
/* End PBXGroup section */

/* Begin PBXNativeTarget section */
		3F8AE0828224AF1F6B609064 /* mac2imgur */ = {
			isa = PBXNativeTarget;
			buildConfigurationList = 0FDC45B65146C8C1C004C1AA /* Build configuration list for PBXNativeTarget "mac2imgur" */;
			buildPhases = (
				C39EB5D5DB381BB63FA0B914 /* Sources */,
				5C2398F3C223F9D5086E11D3 /* Resources */,
				71B5C4455DBE141131A4EC56 /* Frameworks */,
			);
			buildRules = (
			);
			dependencies = (
			);
			name = mac2imgur;
			packageProductDependencies = (
				23D79D3ACA63F62007DF5834 /* Sparkle */,
				12FC267EB13D37153FB2B995 /* Core */,
			);
			productName = mac2imgur;
			productReference = 41ECD8ABC2591056AD6EA3E6 /* mac2imgur.app */;
			productType = "com.apple.product-type.application";
		};
/* End PBXNativeTarget section */

/* Begin PBXProject section */
		4DA534E1ED35A7A0D0C34493 /* Project object */ = {
			isa = PBXProject;
			attributes = {
				BuildIndependentTargetsInParallel = YES;
				LastUpgradeCheck = 1430;
				TargetAttributes = {
					3F8AE0828224AF1F6B609064 = {
						ProvisioningStyle = Automatic;
					};
				};
			};
			buildConfigurationList = 2229A11CFB83751BBED16125 /* Build configuration list for PBXProject "mac2imgur" */;
			developmentRegion = en;
			hasScannedForEncodings = 0;
			knownRegions = (
				Base,
				en,
			);
			mainGroup = B8F3C7D40BA06F4F196D4298;
			minimizedProjectReferenceProxies = 1;
			packageReferences = (
				7F7B13A793161CA4C0F95634 /* XCRemoteSwiftPackageReference "Sparkle" */,
				C6B154448FE90A30C28B9228 /* XCLocalSwiftPackageReference "." */,
			);
			preferredProjectObjectVersion = 77;
			productRefGroup = 849B9D68B5DBEE72F5072244 /* Products */;
			projectDirPath = "";
			projectRoot = "";
			targets = (
				3F8AE0828224AF1F6B609064 /* mac2imgur */,
			);
		};
/* End PBXProject section */

/* Begin PBXResourcesBuildPhase section */
		5C2398F3C223F9D5086E11D3 /* Resources */ = {
			isa = PBXResourcesBuildPhase;
			buildActionMask = 2147483647;
			files = (
				CEE7C6322733B0F0D598B9F5 /* Assets.xcassets in Resources */,
				FC383F7162806BB52FD48FB6 /* MainMenu.xib in Resources */,
			);
			runOnlyForDeploymentPostprocessing = 0;
		};
/* End PBXResourcesBuildPhase section */

/* Begin PBXSourcesBuildPhase section */
		C39EB5D5DB381BB63FA0B914 /* Sources */ = {
			isa = PBXSourcesBuildPhase;
			buildActionMask = 2147483647;
			files = (
				8D4B77B35834EBEDF41DBB9B /* AppDelegate.swift in Sources */,
				152EA96962C90875D89665B8 /* ImgurAlbumMenuController.swift in Sources */,
				406331D86152092258D69C5C /* ImgurMenuController.swift in Sources */,
				B8A5B21516DDDD774647D726 /* MenuController.swift in Sources */,
				2F5B73852C1BE437C53B3463 /* NSMenuExtension.swift in Sources */,
				8D096A2D8FC74C5DF70143DB /* StatusItemController.swift in Sources */,
				1EFA4A855960D08DBE86794F /* StatusItemMenuController.swift in Sources */,
				59FD3CA9A9831F8270E8F1F5 /* UploadsMenuController.swift in Sources */,
			);
			runOnlyForDeploymentPostprocessing = 0;
		};
/* End PBXSourcesBuildPhase section */

/* Begin PBXVariantGroup section */
		8D6F995CD1FFC482ABCB51B4 /* MainMenu.xib */ = {
			isa = PBXVariantGroup;
			children = (
				D8B0608370CAF94C1F3A2913 /* Base */,
			);
			name = MainMenu.xib;
			sourceTree = "<group>";
		};
/* End PBXVariantGroup section */

/* Begin XCBuildConfiguration section */
		0B0AE93764963E74194E28AB /* Release */ = {
			isa = XCBuildConfiguration;
			buildSettings = {
				ASSETCATALOG_COMPILER_APPICON_NAME = AppIcon;
				COMBINE_HIDPI_IMAGES = YES;
				ENABLE_HARDENED_RUNTIME = YES;
				INFOPLIST_FILE = App/Resources/Info.plist;
				LD_RUNPATH_SEARCH_PATHS = (
					"$(inherited)",
					"@executable_path/../Frameworks",
				);
				SDKROOT = macosx;
			};
			name = Release;
		};
		2B59BF2F1EDB4BD4BC93BB63 /* Debug */ = {
			isa = XCBuildConfiguration;
			buildSettings = {
				ASSETCATALOG_COMPILER_APPICON_NAME = AppIcon;
				COMBINE_HIDPI_IMAGES = YES;
				ENABLE_HARDENED_RUNTIME = YES;
				INFOPLIST_FILE = App/Resources/Info.plist;
				LD_RUNPATH_SEARCH_PATHS = (
					"$(inherited)",
					"@executable_path/../Frameworks",
				);
				SDKROOT = macosx;
			};
			name = Debug;
		};
		BE7CCB051E54556F00C11354 /* Debug */ = {
			isa = XCBuildConfiguration;
			buildSettings = {
				ALWAYS_SEARCH_USER_PATHS = NO;
				CLANG_ANALYZER_NONNULL = YES;
				CLANG_ANALYZER_NUMBER_OBJECT_CONVERSION = YES_AGGRESSIVE;
				CLANG_CXX_LANGUAGE_STANDARD = "gnu++14";
				CLANG_CXX_LIBRARY = "libc++";
				CLANG_ENABLE_MODULES = YES;
				CLANG_ENABLE_OBJC_ARC = YES;
				CLANG_ENABLE_OBJC_WEAK = YES;
				CLANG_WARN_BLOCK_CAPTURE_AUTORELEASING = YES;
				CLANG_WARN_BOOL_CONVERSION = YES;
				CLANG_WARN_COMMA = YES;
				CLANG_WARN_CONSTANT_CONVERSION = YES;
				CLANG_WARN_DEPRECATED_OBJC_IMPLEMENTATIONS = YES;
				CLANG_WARN_DIRECT_OBJC_ISA_USAGE = YES_ERROR;
				CLANG_WARN_DOCUMENTATION_COMMENTS = YES;
				CLANG_WARN_EMPTY_BODY = YES;
				CLANG_WARN_ENUM_CONVERSION = YES;
				CLANG_WARN_INFINITE_RECURSION = YES;
				CLANG_WARN_INT_CONVERSION = YES;
				CLANG_WARN_NON_LITERAL_NULL_CONVERSION = YES;
				CLANG_WARN_OBJC_IMPLICIT_RETAIN_SELF = YES;
				CLANG_WARN_OBJC_LITERAL_CONVERSION = YES;
				CLANG_WARN_OBJC_ROOT_CLASS = YES_ERROR;
				CLANG_WARN_QUOTED_INCLUDE_IN_FRAMEWORK_HEADER = YES;
				CLANG_WARN_RANGE_LOOP_ANALYSIS = YES;
				CLANG_WARN_STRICT_PROTOTYPES = YES;
				CLANG_WARN_SUSPICIOUS_MOVE = YES;
				CLANG_WARN_UNGUARDED_AVAILABILITY = YES_AGGRESSIVE;
				CLANG_WARN_UNREACHABLE_CODE = YES;
				CLANG_WARN__DUPLICATE_METHOD_MATCH = YES;
				CODE_SIGN_STYLE = Automatic;
				COPY_PHASE_STRIP = NO;
				CURRENT_PROJECT_VERSION = 300;
				DEAD_CODE_STRIPPING = YES;
				DEBUG_INFORMATION_FORMAT = dwarf;
				ENABLE_HARDENED_RUNTIME = YES;
				ENABLE_STRICT_OBJC_MSGSEND = YES;
				ENABLE_TESTABILITY = YES;
				GCC_C_LANGUAGE_STANDARD = gnu11;
				GCC_DYNAMIC_NO_PIC = NO;
				GCC_NO_COMMON_BLOCKS = YES;
				GCC_OPTIMIZATION_LEVEL = 0;
				GCC_PREPROCESSOR_DEFINITIONS = (
					"$(inherited)",
					"DEBUG=1",
				);
				GCC_WARN_64_TO_32_BIT_CONVERSION = YES;
				GCC_WARN_ABOUT_RETURN_TYPE = YES_ERROR;
				GCC_WARN_UNDECLARED_SELECTOR = YES;
				GCC_WARN_UNINITIALIZED_AUTOS = YES_AGGRESSIVE;
				GCC_WARN_UNUSED_FUNCTION = YES;
				GCC_WARN_UNUSED_VARIABLE = YES;
				MACOSX_DEPLOYMENT_TARGET = 14.0;
				MARKETING_VERSION = 2.0.0;
				MTL_ENABLE_DEBUG_INFO = INCLUDE_SOURCE;
				MTL_FAST_MATH = YES;
				ONLY_ACTIVE_ARCH = YES;
				PRODUCT_BUNDLE_IDENTIFIER = com.mileswd.mac2imgur;
				PRODUCT_NAME = "$(TARGET_NAME)";
				SDKROOT = macosx;
				SWIFT_ACTIVE_COMPILATION_CONDITIONS = DEBUG;
				SWIFT_OPTIMIZATION_LEVEL = "-Onone";
				SWIFT_STRICT_CONCURRENCY = minimal;
				SWIFT_VERSION = 5.9;
			};
			name = Debug;
		};
		F1A8393A92B64A4FDA25B952 /* Release */ = {
			isa = XCBuildConfiguration;
			buildSettings = {
				ALWAYS_SEARCH_USER_PATHS = NO;
				CLANG_ANALYZER_NONNULL = YES;
				CLANG_ANALYZER_NUMBER_OBJECT_CONVERSION = YES_AGGRESSIVE;
				CLANG_CXX_LANGUAGE_STANDARD = "gnu++14";
				CLANG_CXX_LIBRARY = "libc++";
				CLANG_ENABLE_MODULES = YES;
				CLANG_ENABLE_OBJC_ARC = YES;
				CLANG_ENABLE_OBJC_WEAK = YES;
				CLANG_WARN_BLOCK_CAPTURE_AUTORELEASING = YES;
				CLANG_WARN_BOOL_CONVERSION = YES;
				CLANG_WARN_COMMA = YES;
				CLANG_WARN_CONSTANT_CONVERSION = YES;
				CLANG_WARN_DEPRECATED_OBJC_IMPLEMENTATIONS = YES;
				CLANG_WARN_DIRECT_OBJC_ISA_USAGE = YES_ERROR;
				CLANG_WARN_DOCUMENTATION_COMMENTS = YES;
				CLANG_WARN_EMPTY_BODY = YES;
				CLANG_WARN_ENUM_CONVERSION = YES;
				CLANG_WARN_INFINITE_RECURSION = YES;
				CLANG_WARN_INT_CONVERSION = YES;
				CLANG_WARN_NON_LITERAL_NULL_CONVERSION = YES;
				CLANG_WARN_OBJC_IMPLICIT_RETAIN_SELF = YES;
				CLANG_WARN_OBJC_LITERAL_CONVERSION = YES;
				CLANG_WARN_OBJC_ROOT_CLASS = YES_ERROR;
				CLANG_WARN_QUOTED_INCLUDE_IN_FRAMEWORK_HEADER = YES;
				CLANG_WARN_RANGE_LOOP_ANALYSIS = YES;
				CLANG_WARN_STRICT_PROTOTYPES = YES;
				CLANG_WARN_SUSPICIOUS_MOVE = YES;
				CLANG_WARN_UNGUARDED_AVAILABILITY = YES_AGGRESSIVE;
				CLANG_WARN_UNREACHABLE_CODE = YES;
				CLANG_WARN__DUPLICATE_METHOD_MATCH = YES;
				CODE_SIGN_STYLE = Automatic;
				COPY_PHASE_STRIP = NO;
				CURRENT_PROJECT_VERSION = 300;
				DEAD_CODE_STRIPPING = YES;
				DEBUG_INFORMATION_FORMAT = "dwarf-with-dsym";
				ENABLE_HARDENED_RUNTIME = YES;
				ENABLE_NS_ASSERTIONS = NO;
				ENABLE_STRICT_OBJC_MSGSEND = YES;
				GCC_C_LANGUAGE_STANDARD = gnu11;
				GCC_NO_COMMON_BLOCKS = YES;
				GCC_WARN_64_TO_32_BIT_CONVERSION = YES;
				GCC_WARN_ABOUT_RETURN_TYPE = YES_ERROR;
				GCC_WARN_UNDECLARED_SELECTOR = YES;
				GCC_WARN_UNINITIALIZED_AUTOS = YES_AGGRESSIVE;
				GCC_WARN_UNUSED_FUNCTION = YES;
				GCC_WARN_UNUSED_VARIABLE = YES;
				MACOSX_DEPLOYMENT_TARGET = 14.0;
				MARKETING_VERSION = 2.0.0;
				MTL_ENABLE_DEBUG_INFO = NO;
				MTL_FAST_MATH = YES;
				PRODUCT_BUNDLE_IDENTIFIER = com.mileswd.mac2imgur;
				PRODUCT_NAME = "$(TARGET_NAME)";
				SDKROOT = macosx;
				SWIFT_COMPILATION_MODE = wholemodule;
				SWIFT_OPTIMIZATION_LEVEL = "-O";
				SWIFT_STRICT_CONCURRENCY = minimal;
				SWIFT_VERSION = 5.9;
			};
			name = Release;
		};
/* End XCBuildConfiguration section */

/* Begin XCConfigurationList section */
		0FDC45B65146C8C1C004C1AA /* Build configuration list for PBXNativeTarget "mac2imgur" */ = {
			isa = XCConfigurationList;
			buildConfigurations = (
				2B59BF2F1EDB4BD4BC93BB63 /* Debug */,
				0B0AE93764963E74194E28AB /* Release */,
			);
			defaultConfigurationIsVisible = 0;
			defaultConfigurationName = Debug;
		};
		2229A11CFB83751BBED16125 /* Build configuration list for PBXProject "mac2imgur" */ = {
			isa = XCConfigurationList;
			buildConfigurations = (
				BE7CCB051E54556F00C11354 /* Debug */,
				F1A8393A92B64A4FDA25B952 /* Release */,
			);
			defaultConfigurationIsVisible = 0;
			defaultConfigurationName = Debug;
		};
/* End XCConfigurationList section */

/* Begin XCLocalSwiftPackageReference section */
		C6B154448FE90A30C28B9228 /* XCLocalSwiftPackageReference "." */ = {
			isa = XCLocalSwiftPackageReference;
			relativePath = .;
		};
/* End XCLocalSwiftPackageReference section */

/* Begin XCRemoteSwiftPackageReference section */
		7F7B13A793161CA4C0F95634 /* XCRemoteSwiftPackageReference "Sparkle" */ = {
			isa = XCRemoteSwiftPackageReference;
			repositoryURL = "https://github.com/sparkle-project/Sparkle";
			requirement = {
				kind = upToNextMajorVersion;
				minimumVersion = 2.6.0;
			};
		};
/* End XCRemoteSwiftPackageReference section */

/* Begin XCSwiftPackageProductDependency section */
		12FC267EB13D37153FB2B995 /* Core */ = {
			isa = XCSwiftPackageProductDependency;
			productName = Core;
		};
		23D79D3ACA63F62007DF5834 /* Sparkle */ = {
			isa = XCSwiftPackageProductDependency;
			package = 7F7B13A793161CA4C0F95634 /* XCRemoteSwiftPackageReference "Sparkle" */;
			productName = Sparkle;
		};
/* End XCSwiftPackageProductDependency section */
	};
	rootObject = 4DA534E1ED35A7A0D0C34493 /* Project object */;
}
